
Microsoft Visual Studio Solution File, Format Version 12.00
# Visual Studio 15
VisualStudioVersion = 15.0.28307.705
MinimumVisualStudioVersion = 10.0.40219.1
Project("{FAE04EC0-301F-11D3-BF4B-00C04F79EFBC}") = "FScoreBot", "FScoreBot\FScoreBot.csproj", "{70C3560F-8EEB-457B-AF53-4EB75BEE3B5E}"
EndProject
Project("{FAE04EC0-301F-11D3-BF4B-00C04F79EFBC}") = "FScoreAnalyzer", "FScoreAnalyzer\FScoreAnalyzer.csproj", "{DD252340-CD33-44B0-94F8-0AF1547CD9F3}"
EndProject
Global
	GlobalSection(SolutionConfigurationPlatforms) = preSolution
		Debug|Any CPU = Debug|Any CPU
		Release|Any CPU = Release|Any CPU
	EndGlobalSection
	GlobalSection(ProjectConfigurationPlatforms) = postSolution
		{70C3560F-8EEB-457B-AF53-4EB75BEE3B5E}.Debug|Any CPU.ActiveCfg = Debug|Any CPU
		{70C3560F-8EEB-457B-AF53-4EB75BEE3B5E}.Debug|Any CPU.Build.0 = Debug|Any CPU
		{70C3560F-8EEB-457B-AF53-4EB75BEE3B5E}.Release|Any CPU.ActiveCfg = Release|Any CPU
		{70C3560F-8EEB-457B-AF53-4EB75BEE3B5E}.Release|Any CPU.Build.0 = Release|Any CPU
		{DD252340-CD33-44B0-94F8-0AF1547CD9F3}.Debug|Any CPU.ActiveCfg = Debug|Any CPU
		{DD252340-CD33-44B0-94F8-0AF1547CD9F3}.Debug|Any CPU.Build.0 = Debug|Any CPU
		{DD252340-CD33-44B0-94F8-0AF1547CD9F3}.Release|Any CPU.ActiveCfg = Release|Any CPU
		{DD252340-CD33-44B0-94F8-0AF1547CD9F3}.Release|Any CPU.Build.0 = Release|Any CPU
	EndGlobalSection
	GlobalSection(SolutionProperties) = preSolution
		HideSolutionNode = FALSE
	EndGlobalSection
	GlobalSection(ExtensibilityGlobals) = postSolution
		SolutionGuid = {6BB1495C-1A41-498D-88D7-8A510DA41155}
	EndGlobalSection
EndGlobal
